PODS:
  - AFNetworking (2.6.3):
    - AFNetworking/NSURLConnection (= 2.6.3)
    - AFNetworking/NSURLSession (= 2.6.3)
    - AFNetworking/Reachability (= 2.6.3)
    - AFNetworking/Security (= 2.6.3)
    - AFNetworking/Serialization (= 2.6.3)
    - AFNetworking/UIKit (= 2.6.3)
  - AFNetworking/NSURLConnection (2.6.3):
    - AFNetworking/Reachability
    - AFNetworking/Security
    - AFNetworking/Serialization
  - AFNetworking/NSURLSession (2.6.3):
    - AFNetworking/Reachability
    - AFNetworking/Security
    - AFNetworking/Serialization
  - AFNetworking/Reachability (2.6.3)
  - AFNetworking/Security (2.6.3)
  - AFNetworking/Serialization (2.6.3)
  - AFNetworking/UIKit (2.6.3):
    - AFNetworking/NSURLConnection
    - AFNetworking/NSURLSession
  - Alamofire (3.4.0)
  - FXBlurView (1.6.4)
  - HappyDNS (0.2.4)
  - MBProgressHUD (0.9.2)
  - MZGoogleStyleButton (0.1.0)
  - MZPushModalView (0.1.0)
  - Qiniu (7.0.18):
    - AFNetworking (~> 2.0)
    - HappyDNS (~> 0.2)
  - Reveal-iOS-SDK (1.6.2)
  - RongCloudIMKit (2.5.1)
  - RRFPSBar (0.0.1)
  - SIAlertView (1.3.1)
  - SnapKit (0.20.0)
  - SwiftyJSON (2.3.2)
  - SWXMLHash (2.3.1)
  - UIColor_Hex_Swift (2.1)

DEPENDENCIES:
  - Alamofire
  - FXBlurView
  - MBProgressHUD
  - MZGoogleStyleButton (from `https://github.com/monzy613/MZGoogleStyleButton.git`)
  - MZPushModalView
  - Qiniu (~> 7.0)
  - Reveal-iOS-SDK
  - RongCloudIMKit
  - RRFPSBar
  - SIAlertView (from `https://github.com/monzy613/SIAlertView.git`, branch `buttonBackgroundCornerRadiusInitializer`)
  - SnapKit
  - SwiftyJSON
  - SWXMLHash
  - UIColor_Hex_Swift

EXTERNAL SOURCES:
  MZGoogleStyleButton:
    :git: https://github.com/monzy613/MZGoogleStyleButton.git
  SIAlertView:
    :branch: buttonBackgroundCornerRadiusInitializer
    :git: https://github.com/monzy613/SIAlertView.git

CHECKOUT OPTIONS:
  MZGoogleStyleButton:
    :commit: db5b996cd4b5a4fb33290acb5fba29bf701eb1ad
    :git: https://github.com/monzy613/MZGoogleStyleButton.git
  SIAlertView:
    :commit: 805871a156f7d0822c7bded9202513015cb55a5a
    :git: https://github.com/monzy613/SIAlertView.git

SPEC CHECKSUMS:
  AFNetworking: cb8d14a848e831097108418f5d49217339d4eb60
  Alamofire: c19a627cefd6a95f840401c49ab1f124e07f54ee
  FXBlurView: db786c2561cb49a09ae98407f52460096ab8a44f
  HappyDNS: 86ab4be498cc5cc884002b248979cd130cfbe10e
  MBProgressHUD: 1569cf7ace17a8bac47aabfbb8580a49690386d1
  MZGoogleStyleButton: 5350eb2f0726a6fb44774f0234f985ef7ee4820f
  MZPushModalView: 82394824cd11d6cffafea0d52d8f588fc1bbd2c6
  Qiniu: 7a9c2a2bbdec02ae84b92051637e1e9ea3d182fb
  Reveal-iOS-SDK: e2250b3c155bcfac53ae223ddc1f76d08f206c33
  RongCloudIMKit: d7b234005ed139f03081ca87d48ad9a8ee7dd766
  RRFPSBar: 32fd2b11fb3d6ea90dc9a1424f964ea3851cd091
  SIAlertView: e1862c2e1006fb2eefb78028107e56fa0e8c5629
  SnapKit: 5fce3c1bbbf1fbd31de9aa92f33eb9fa03f15650
  SwiftyJSON: 04ccea08915aa0109039157c7974cf0298da292a
  SWXMLHash: 795c66e74f4cc9473ad6465c6653c5a6f59f417e
  UIColor_Hex_Swift: e91dc51f6bf252ec7bf74c8704ceedeeb7640c1c

PODFILE CHECKSUM: c0b133ee0a9b8d906c41666147b94d53e8c97c7a

COCOAPODS: 1.0.0
