// !$*UTF8*$!
{
	archiveVersion = 1;
	classes = {
	};
	objectVersion = 46;
	objects = {

/* Begin PBXBuildFile section */
		726BFC07527CC850C2456CE4 /* Pods_fatherbook_ios.framework in Frameworks */ = {isa = PBXBuildFile; fileRef = 2BEAC8206E08505BE4979EF0 /* Pods_fatherbook_ios.framework */; };
		F410B5E81CE05F8C008D9D01 /* FBViewGenerator.swift in Sources */ = {isa = PBXBuildFile; fileRef = F410B5E71CE05F8C008D9D01 /* FBViewGenerator.swift */; };
		F410B5EC1CE07487008D9D01 /* MBProgressHUD_Extensions.swift in Sources */ = {isa = PBXBuildFile; fileRef = F410B5EB1CE07487008D9D01 /* MBProgressHUD_Extensions.swift */; };
		F410B5EF1CE0875F008D9D01 /* FBUserInfo.swift in Sources */ = {isa = PBXBuildFile; fileRef = F410B5EE1CE0875F008D9D01 /* FBUserInfo.swift */; };
		F42B2B261CE8D56800EEFB64 /* FBRootViewController.swift in Sources */ = {isa = PBXBuildFile; fileRef = F42B2B251CE8D56800EEFB64 /* FBRootViewController.swift */; };
		F42B2B2A1CE8DB8B00EEFB64 /* FBScrollPageViewController.swift in Sources */ = {isa = PBXBuildFile; fileRef = F42B2B291CE8DB8B00EEFB64 /* FBScrollPageViewController.swift */; };
		F42B2B2C1CE8E51100EEFB64 /* String_Extension.swift in Sources */ = {isa = PBXBuildFile; fileRef = F42B2B2B1CE8E51100EEFB64 /* String_Extension.swift */; };
		F44AB34D1CF2C69D00A1D5E6 /* JSON+AppendOperation.swift in Sources */ = {isa = PBXBuildFile; fileRef = F44AB34C1CF2C69D00A1D5E6 /* JSON+AppendOperation.swift */; };
		F45EB4021CEDFBDA00D9777F /* FBChatViewController.swift in Sources */ = {isa = PBXBuildFile; fileRef = F45EB4011CEDFBDA00D9777F /* FBChatViewController.swift */; };
		F45EB4041CEDFE0B00D9777F /* FBLeftIconTitleTableViewCell.swift in Sources */ = {isa = PBXBuildFile; fileRef = F45EB4031CEDFE0B00D9777F /* FBLeftIconTitleTableViewCell.swift */; };
		F45F87361CE9D5AF00575F68 /* FBButtonTableViewCell.swift in Sources */ = {isa = PBXBuildFile; fileRef = F45F87351CE9D5AF00575F68 /* FBButtonTableViewCell.swift */; };
		F45F87381CE9D78600575F68 /* Array_FBOperation.swift in Sources */ = {isa = PBXBuildFile; fileRef = F45F87371CE9D78600575F68 /* Array_FBOperation.swift */; };
		F45F873C1CE9EC6300575F68 /* UIWindow+mainWindow.swift in Sources */ = {isa = PBXBuildFile; fileRef = F45F873B1CE9EC6300575F68 /* UIWindow+mainWindow.swift */; };
		F45F873E1CE9ED9200575F68 /* FBRCChatManager.swift in Sources */ = {isa = PBXBuildFile; fileRef = F45F873D1CE9ED9200575F68 /* FBRCChatManager.swift */; };
		F476E5561CE98E2C008B53D5 /* FBUserInfoViewController.swift in Sources */ = {isa = PBXBuildFile; fileRef = F476E5551CE98E2C008B53D5 /* FBUserInfoViewController.swift */; };
		F478BFE81CE3718C00F8F4DE /* FBTimelineViewController.swift in Sources */ = {isa = PBXBuildFile; fileRef = F478BFE71CE3718C00F8F4DE /* FBTimelineViewController.swift */; };
		F478BFEA1CE371BE00F8F4DE /* FBContactViewController.swift in Sources */ = {isa = PBXBuildFile; fileRef = F478BFE91CE371BE00F8F4DE /* FBContactViewController.swift */; };
		F478BFEC1CE371F700F8F4DE /* FBMeViewController.swift in Sources */ = {isa = PBXBuildFile; fileRef = F478BFEB1CE371F700F8F4DE /* FBMeViewController.swift */; };
		F479091F1CF9A7DC00BB9EB7 /* FBTimelineView.swift in Sources */ = {isa = PBXBuildFile; fileRef = F479091E1CF9A7DC00BB9EB7 /* FBTimelineView.swift */; };
		F47909211CF9B19200BB9EB7 /* FBTimeline.swift in Sources */ = {isa = PBXBuildFile; fileRef = F47909201CF9B19200BB9EB7 /* FBTimeline.swift */; };
		F4796C8A1CED639400A7BE78 /* FBPersist.swift in Sources */ = {isa = PBXBuildFile; fileRef = F4796C891CED639400A7BE78 /* FBPersist.swift */; };
		F48350D41CE6EA4500203391 /* FBRecentChatListViewController.swift in Sources */ = {isa = PBXBuildFile; fileRef = F48350D31CE6EA4500203391 /* FBRecentChatListViewController.swift */; };
		F4890DC01CF986A60029CEF8 /* FBTimelineCell.swift in Sources */ = {isa = PBXBuildFile; fileRef = F4890DBF1CF986A60029CEF8 /* FBTimelineCell.swift */; };
		F4903E1D1CE5F71400DD9AB5 /* FXBlurView_Extension.swift in Sources */ = {isa = PBXBuildFile; fileRef = F4903E1C1CE5F71400DD9AB5 /* FXBlurView_Extension.swift */; };
		F4A10D801CE23D3A00DEC337 /* FBPageHeaderView.swift in Sources */ = {isa = PBXBuildFile; fileRef = F4A10D7F1CE23D3A00DEC337 /* FBPageHeaderView.swift */; };
		F4AA1FFE1CE4167400A2A4F7 /* FBUserManager.swift in Sources */ = {isa = PBXBuildFile; fileRef = F4AA1FFD1CE4167400A2A4F7 /* FBUserManager.swift */; };
		F4AA20001CE41E8100A2A4F7 /* FBUserTableViewCell.swift in Sources */ = {isa = PBXBuildFile; fileRef = F4AA1FFF1CE41E8100A2A4F7 /* FBUserTableViewCell.swift */; };
		F4AA200A1CE4B7C600A2A4F7 /* FBTheme.swift in Sources */ = {isa = PBXBuildFile; fileRef = F4AA20091CE4B7C600A2A4F7 /* FBTheme.swift */; };
		F4B654D61CDEE2DA00E3ED5E /* FBApiURL.swift in Sources */ = {isa = PBXBuildFile; fileRef = F4B654D51CDEE2DA00E3ED5E /* FBApiURL.swift */; };
		F4B654D81CDEE2F300E3ED5E /* FBConsts.swift in Sources */ = {isa = PBXBuildFile; fileRef = F4B654D71CDEE2F300E3ED5E /* FBConsts.swift */; };
		F4B654DA1CDEE31400E3ED5E /* FBApi.swift in Sources */ = {isa = PBXBuildFile; fileRef = F4B654D91CDEE31400E3ED5E /* FBApi.swift */; };
		F4B654DC1CDEF0C600E3ED5E /* FBLoginViewController.swift in Sources */ = {isa = PBXBuildFile; fileRef = F4B654DB1CDEF0C600E3ED5E /* FBLoginViewController.swift */; };
		F4B654E01CDF82BB00E3ED5E /* config.plist in Resources */ = {isa = PBXBuildFile; fileRef = F4B654DF1CDF82BB00E3ED5E /* config.plist */; };
		F4C3808D1CE9BD9A00E4EA5F /* FBAlbumPreviewTableViewCell.swift in Sources */ = {isa = PBXBuildFile; fileRef = F4C3808C1CE9BD9A00E4EA5F /* FBAlbumPreviewTableViewCell.swift */; };
		F4C8B9B21CF210E100A7FBA9 /* FBTextTimelineView.swift in Sources */ = {isa = PBXBuildFile; fileRef = F4C8B9B11CF210E100A7FBA9 /* FBTextTimelineView.swift */; };
		F4D2420C1CDE76F8000D45FA /* FBAppDelegate.swift in Sources */ = {isa = PBXBuildFile; fileRef = F4D2420B1CDE76F8000D45FA /* FBAppDelegate.swift */; };
		F4D242131CDE76F8000D45FA /* Assets.xcassets in Resources */ = {isa = PBXBuildFile; fileRef = F4D242121CDE76F8000D45FA /* Assets.xcassets */; };
		F4D242161CDE76F8000D45FA /* LaunchScreen.storyboard in Resources */ = {isa = PBXBuildFile; fileRef = F4D242141CDE76F8000D45FA /* LaunchScreen.storyboard */; };
		F4E03B1C1CFC867F001235BB /* FBImageViewCell.swift in Sources */ = {isa = PBXBuildFile; fileRef = F4E03B1B1CFC867F001235BB /* FBImageViewCell.swift */; };
/* End PBXBuildFile section */

/* Begin PBXFileReference section */
		042E2CD82ACBE5524A5A3225 /* Pods-fatherbook-ios.debug.xcconfig */ = {isa = PBXFileReference; includeInIndex = 1; lastKnownFileType = text.xcconfig; name = "Pods-fatherbook-ios.debug.xcconfig"; path = "Pods/Target Support Files/Pods-fatherbook-ios/Pods-fatherbook-ios.debug.xcconfig"; sourceTree = "<group>"; };
		2BEAC8206E08505BE4979EF0 /* Pods_fatherbook_ios.framework */ = {isa = PBXFileReference; explicitFileType = wrapper.framework; includeInIndex = 0; path = Pods_fatherbook_ios.framework; sourceTree = BUILT_PRODUCTS_DIR; };
		546083CB493955E39C313A46 /* Pods-fatherbook-ios.release.xcconfig */ = {isa = PBXFileReference; includeInIndex = 1; lastKnownFileType = text.xcconfig; name = "Pods-fatherbook-ios.release.xcconfig"; path = "Pods/Target Support Files/Pods-fatherbook-ios/Pods-fatherbook-ios.release.xcconfig"; sourceTree = "<group>"; };
		F410B5E71CE05F8C008D9D01 /* FBViewGenerator.swift */ = {isa = PBXFileReference; fileEncoding = 4; lastKnownFileType = sourcecode.swift; path = FBViewGenerator.swift; sourceTree = "<group>"; };
		F410B5EB1CE07487008D9D01 /* MBProgressHUD_Extensions.swift */ = {isa = PBXFileReference; fileEncoding = 4; lastKnownFileType = sourcecode.swift; path = MBProgressHUD_Extensions.swift; sourceTree = "<group>"; };
		F410B5EE1CE0875F008D9D01 /* FBUserInfo.swift */ = {isa = PBXFileReference; fileEncoding = 4; lastKnownFileType = sourcecode.swift; path = FBUserInfo.swift; sourceTree = "<group>"; };
		F42B2B251CE8D56800EEFB64 /* FBRootViewController.swift */ = {isa = PBXFileReference; fileEncoding = 4; lastKnownFileType = sourcecode.swift; path = FBRootViewController.swift; sourceTree = "<group>"; };
		F42B2B291CE8DB8B00EEFB64 /* FBScrollPageViewController.swift */ = {isa = PBXFileReference; fileEncoding = 4; lastKnownFileType = sourcecode.swift; path = FBScrollPageViewController.swift; sourceTree = "<group>"; };
		F42B2B2B1CE8E51100EEFB64 /* String_Extension.swift */ = {isa = PBXFileReference; fileEncoding = 4; lastKnownFileType = sourcecode.swift; path = String_Extension.swift; sourceTree = "<group>"; };
		F44AB34B1CF2BEDD00A1D5E6 /* Date.playground */ = {isa = PBXFileReference; lastKnownFileType = file.playground; path = Date.playground; sourceTree = "<group>"; };
		F44AB34C1CF2C69D00A1D5E6 /* JSON+AppendOperation.swift */ = {isa = PBXFileReference; fileEncoding = 4; lastKnownFileType = sourcecode.swift; path = "JSON+AppendOperation.swift"; sourceTree = "<group>"; };
		F45EB4011CEDFBDA00D9777F /* FBChatViewController.swift */ = {isa = PBXFileReference; fileEncoding = 4; lastKnownFileType = sourcecode.swift; path = FBChatViewController.swift; sourceTree = "<group>"; };
		F45EB4031CEDFE0B00D9777F /* FBLeftIconTitleTableViewCell.swift */ = {isa = PBXFileReference; fileEncoding = 4; lastKnownFileType = sourcecode.swift; path = FBLeftIconTitleTableViewCell.swift; sourceTree = "<group>"; };
		F45F87351CE9D5AF00575F68 /* FBButtonTableViewCell.swift */ = {isa = PBXFileReference; fileEncoding = 4; lastKnownFileType = sourcecode.swift; path = FBButtonTableViewCell.swift; sourceTree = "<group>"; };
		F45F87371CE9D78600575F68 /* Array_FBOperation.swift */ = {isa = PBXFileReference; fileEncoding = 4; lastKnownFileType = sourcecode.swift; path = Array_FBOperation.swift; sourceTree = "<group>"; };
		F45F873B1CE9EC6300575F68 /* UIWindow+mainWindow.swift */ = {isa = PBXFileReference; fileEncoding = 4; lastKnownFileType = sourcecode.swift; path = "UIWindow+mainWindow.swift"; sourceTree = "<group>"; };
		F45F873D1CE9ED9200575F68 /* FBRCChatManager.swift */ = {isa = PBXFileReference; fileEncoding = 4; lastKnownFileType = sourcecode.swift; path = FBRCChatManager.swift; sourceTree = "<group>"; };
		F46E404C1CE0A5CF00A45442 /* fatherbook-ios-Bridging-Header.h */ = {isa = PBXFileReference; lastKnownFileType = sourcecode.c.h; path = "fatherbook-ios-Bridging-Header.h"; sourceTree = "<group>"; };
		F476E5551CE98E2C008B53D5 /* FBUserInfoViewController.swift */ = {isa = PBXFileReference; fileEncoding = 4; lastKnownFileType = sourcecode.swift; path = FBUserInfoViewController.swift; sourceTree = "<group>"; };
		F478BFE71CE3718C00F8F4DE /* FBTimelineViewController.swift */ = {isa = PBXFileReference; fileEncoding = 4; lastKnownFileType = sourcecode.swift; path = FBTimelineViewController.swift; sourceTree = "<group>"; };
		F478BFE91CE371BE00F8F4DE /* FBContactViewController.swift */ = {isa = PBXFileReference; fileEncoding = 4; lastKnownFileType = sourcecode.swift; path = FBContactViewController.swift; sourceTree = "<group>"; };
		F478BFEB1CE371F700F8F4DE /* FBMeViewController.swift */ = {isa = PBXFileReference; fileEncoding = 4; lastKnownFileType = sourcecode.swift; path = FBMeViewController.swift; sourceTree = "<group>"; };
		F479091E1CF9A7DC00BB9EB7 /* FBTimelineView.swift */ = {isa = PBXFileReference; fileEncoding = 4; lastKnownFileType = sourcecode.swift; path = FBTimelineView.swift; sourceTree = "<group>"; };
		F47909201CF9B19200BB9EB7 /* FBTimeline.swift */ = {isa = PBXFileReference; fileEncoding = 4; lastKnownFileType = sourcecode.swift; path = FBTimeline.swift; sourceTree = "<group>"; };
		F4796C891CED639400A7BE78 /* FBPersist.swift */ = {isa = PBXFileReference; fileEncoding = 4; lastKnownFileType = sourcecode.swift; path = FBPersist.swift; sourceTree = "<group>"; };
		F48350D31CE6EA4500203391 /* FBRecentChatListViewController.swift */ = {isa = PBXFileReference; fileEncoding = 4; lastKnownFileType = sourcecode.swift; path = FBRecentChatListViewController.swift; sourceTree = "<group>"; };
		F4890DBF1CF986A60029CEF8 /* FBTimelineCell.swift */ = {isa = PBXFileReference; fileEncoding = 4; lastKnownFileType = sourcecode.swift; path = FBTimelineCell.swift; sourceTree = "<group>"; };
		F4903E1C1CE5F71400DD9AB5 /* FXBlurView_Extension.swift */ = {isa = PBXFileReference; fileEncoding = 4; lastKnownFileType = sourcecode.swift; path = FXBlurView_Extension.swift; sourceTree = "<group>"; };
		F4A10D7F1CE23D3A00DEC337 /* FBPageHeaderView.swift */ = {isa = PBXFileReference; fileEncoding = 4; lastKnownFileType = sourcecode.swift; path = FBPageHeaderView.swift; sourceTree = "<group>"; };
		F4AA1FFD1CE4167400A2A4F7 /* FBUserManager.swift */ = {isa = PBXFileReference; fileEncoding = 4; lastKnownFileType = sourcecode.swift; path = FBUserManager.swift; sourceTree = "<group>"; };
		F4AA1FFF1CE41E8100A2A4F7 /* FBUserTableViewCell.swift */ = {isa = PBXFileReference; fileEncoding = 4; lastKnownFileType = sourcecode.swift; path = FBUserTableViewCell.swift; sourceTree = "<group>"; };
		F4AA20091CE4B7C600A2A4F7 /* FBTheme.swift */ = {isa = PBXFileReference; fileEncoding = 4; lastKnownFileType = sourcecode.swift; path = FBTheme.swift; sourceTree = "<group>"; };
		F4B654D51CDEE2DA00E3ED5E /* FBApiURL.swift */ = {isa = PBXFileReference; fileEncoding = 4; lastKnownFileType = sourcecode.swift; path = FBApiURL.swift; sourceTree = "<group>"; };
		F4B654D71CDEE2F300E3ED5E /* FBConsts.swift */ = {isa = PBXFileReference; fileEncoding = 4; lastKnownFileType = sourcecode.swift; path = FBConsts.swift; sourceTree = "<group>"; };
		F4B654D91CDEE31400E3ED5E /* FBApi.swift */ = {isa = PBXFileReference; fileEncoding = 4; lastKnownFileType = sourcecode.swift; path = FBApi.swift; sourceTree = "<group>"; };
		F4B654DB1CDEF0C600E3ED5E /* FBLoginViewController.swift */ = {isa = PBXFileReference; fileEncoding = 4; lastKnownFileType = sourcecode.swift; path = FBLoginViewController.swift; sourceTree = "<group>"; };
		F4B654DF1CDF82BB00E3ED5E /* config.plist */ = {isa = PBXFileReference; fileEncoding = 4; lastKnownFileType = text.plist.xml; path = config.plist; sourceTree = "<group>"; };
		F4C3808C1CE9BD9A00E4EA5F /* FBAlbumPreviewTableViewCell.swift */ = {isa = PBXFileReference; fileEncoding = 4; lastKnownFileType = sourcecode.swift; path = FBAlbumPreviewTableViewCell.swift; sourceTree = "<group>"; };
		F4C8B9B11CF210E100A7FBA9 /* FBTextTimelineView.swift */ = {isa = PBXFileReference; fileEncoding = 4; lastKnownFileType = sourcecode.swift; path = FBTextTimelineView.swift; sourceTree = "<group>"; };
		F4D242081CDE76F8000D45FA /* fatherbook-ios.app */ = {isa = PBXFileReference; explicitFileType = wrapper.application; includeInIndex = 0; path = "fatherbook-ios.app"; sourceTree = BUILT_PRODUCTS_DIR; };
		F4D2420B1CDE76F8000D45FA /* FBAppDelegate.swift */ = {isa = PBXFileReference; lastKnownFileType = sourcecode.swift; path = FBAppDelegate.swift; sourceTree = "<group>"; };
		F4D242121CDE76F8000D45FA /* Assets.xcassets */ = {isa = PBXFileReference; lastKnownFileType = folder.assetcatalog; path = Assets.xcassets; sourceTree = "<group>"; };
		F4D242151CDE76F8000D45FA /* Base */ = {isa = PBXFileReference; lastKnownFileType = file.storyboard; name = Base; path = Base.lproj/LaunchScreen.storyboard; sourceTree = "<group>"; };
		F4D242171CDE76F8000D45FA /* Info.plist */ = {isa = PBXFileReference; lastKnownFileType = text.plist.xml; path = Info.plist; sourceTree = "<group>"; };
		F4E03B1B1CFC867F001235BB /* FBImageViewCell.swift */ = {isa = PBXFileReference; fileEncoding = 4; lastKnownFileType = sourcecode.swift; path = FBImageViewCell.swift; sourceTree = "<group>"; };
/* End PBXFileReference section */

/* Begin PBXFrameworksBuildPhase section */
		F4D242051CDE76F8000D45FA /* Frameworks */ = {
			isa = PBXFrameworksBuildPhase;
			buildActionMask = 2147483647;
			files = (
				726BFC07527CC850C2456CE4 /* Pods_fatherbook_ios.framework in Frameworks */,
			);
			runOnlyForDeploymentPostprocessing = 0;
		};
/* End PBXFrameworksBuildPhase section */

/* Begin PBXGroup section */
		0F390476FDD36DAB34A71F62 /* Frameworks */ = {
			isa = PBXGroup;
			children = (
				2BEAC8206E08505BE4979EF0 /* Pods_fatherbook_ios.framework */,
			);
			name = Frameworks;
			sourceTree = "<group>";
		};
		E3F1C187B55CB7450756ED68 /* Pods */ = {
			isa = PBXGroup;
			children = (
				042E2CD82ACBE5524A5A3225 /* Pods-fatherbook-ios.debug.xcconfig */,
				546083CB493955E39C313A46 /* Pods-fatherbook-ios.release.xcconfig */,
			);
			name = Pods;
			sourceTree = "<group>";
		};
		F410B5ED1CE08746008D9D01 /* Models */ = {
			isa = PBXGroup;
			children = (
				F410B5EE1CE0875F008D9D01 /* FBUserInfo.swift */,
				F47909201CF9B19200BB9EB7 /* FBTimeline.swift */,
			);
			name = Models;
			sourceTree = "<group>";
		};
		F49B0B0C1CEACA2500A4796E /* Manager */ = {
			isa = PBXGroup;
			children = (
				F45F873D1CE9ED9200575F68 /* FBRCChatManager.swift */,
				F4AA1FFD1CE4167400A2A4F7 /* FBUserManager.swift */,
			);
			name = Manager;
			sourceTree = "<group>";
		};
		F4A10D7E1CE23D1B00DEC337 /* Views */ = {
			isa = PBXGroup;
			children = (
				F410B5EB1CE07487008D9D01 /* MBProgressHUD_Extensions.swift */,
				F4A10D7F1CE23D3A00DEC337 /* FBPageHeaderView.swift */,
				F4AA1FFF1CE41E8100A2A4F7 /* FBUserTableViewCell.swift */,
				F4C3808C1CE9BD9A00E4EA5F /* FBAlbumPreviewTableViewCell.swift */,
				F4903E1C1CE5F71400DD9AB5 /* FXBlurView_Extension.swift */,
				F45F87351CE9D5AF00575F68 /* FBButtonTableViewCell.swift */,
				F45EB4031CEDFE0B00D9777F /* FBLeftIconTitleTableViewCell.swift */,
				F4C8B9B11CF210E100A7FBA9 /* FBTextTimelineView.swift */,
				F479091E1CF9A7DC00BB9EB7 /* FBTimelineView.swift */,
				F4890DBF1CF986A60029CEF8 /* FBTimelineCell.swift */,
				F4E03B1B1CFC867F001235BB /* FBImageViewCell.swift */,
			);
			name = Views;
			sourceTree = "<group>";
		};
		F4B654D01CDEE17700E3ED5E /* App */ = {
			isa = PBXGroup;
			children = (
				F4D2420B1CDE76F8000D45FA /* FBAppDelegate.swift */,
				F4B654D71CDEE2F300E3ED5E /* FBConsts.swift */,
			);
			name = App;
			sourceTree = "<group>";
		};
		F4B654D11CDEE18C00E3ED5E /* Resources */ = {
			isa = PBXGroup;
			children = (
				F4B654DF1CDF82BB00E3ED5E /* config.plist */,
				F4D242121CDE76F8000D45FA /* Assets.xcassets */,
				F4D242141CDE76F8000D45FA /* LaunchScreen.storyboard */,
				F4D242171CDE76F8000D45FA /* Info.plist */,
				F46E404C1CE0A5CF00A45442 /* fatherbook-ios-Bridging-Header.h */,
				F44AB34B1CF2BEDD00A1D5E6 /* Date.playground */,
			);
			name = Resources;
			sourceTree = "<group>";
		};
		F4B654D21CDEE1A300E3ED5E /* Controllers */ = {
			isa = PBXGroup;
			children = (
				F4B654DB1CDEF0C600E3ED5E /* FBLoginViewController.swift */,
				F42B2B251CE8D56800EEFB64 /* FBRootViewController.swift */,
				F478BFE71CE3718C00F8F4DE /* FBTimelineViewController.swift */,
				F48350D31CE6EA4500203391 /* FBRecentChatListViewController.swift */,
				F478BFE91CE371BE00F8F4DE /* FBContactViewController.swift */,
				F478BFEB1CE371F700F8F4DE /* FBMeViewController.swift */,
				F42B2B291CE8DB8B00EEFB64 /* FBScrollPageViewController.swift */,
				F476E5551CE98E2C008B53D5 /* FBUserInfoViewController.swift */,
				F45EB4011CEDFBDA00D9777F /* FBChatViewController.swift */,
			);
			name = Controllers;
			sourceTree = "<group>";
		};
		F4B654D41CDEE27100E3ED5E /* Utils */ = {
			isa = PBXGroup;
			children = (
				F410B5E71CE05F8C008D9D01 /* FBViewGenerator.swift */,
				F4B654D51CDEE2DA00E3ED5E /* FBApiURL.swift */,
				F4B654D91CDEE31400E3ED5E /* FBApi.swift */,
				F4AA20091CE4B7C600A2A4F7 /* FBTheme.swift */,
				F42B2B2B1CE8E51100EEFB64 /* String_Extension.swift */,
				F45F87371CE9D78600575F68 /* Array_FBOperation.swift */,
				F45F873B1CE9EC6300575F68 /* UIWindow+mainWindow.swift */,
				F44AB34C1CF2C69D00A1D5E6 /* JSON+AppendOperation.swift */,
				F4796C891CED639400A7BE78 /* FBPersist.swift */,
			);
			name = Utils;
			sourceTree = "<group>";
		};
		F4D241FF1CDE76F8000D45FA = {
			isa = PBXGroup;
			children = (
				F4D2420A1CDE76F8000D45FA /* fatherbook-ios */,
				F4D242091CDE76F8000D45FA /* Products */,
				E3F1C187B55CB7450756ED68 /* Pods */,
				0F390476FDD36DAB34A71F62 /* Frameworks */,
			);
			sourceTree = "<group>";
		};
		F4D242091CDE76F8000D45FA /* Products */ = {
			isa = PBXGroup;
			children = (
				F4D242081CDE76F8000D45FA /* fatherbook-ios.app */,
			);
			name = Products;
			sourceTree = "<group>";
		};
		F4D2420A1CDE76F8000D45FA /* fatherbook-ios */ = {
			isa = PBXGroup;
			children = (
				F4B654D01CDEE17700E3ED5E /* App */,
				F4A10D7E1CE23D1B00DEC337 /* Views */,
				F410B5ED1CE08746008D9D01 /* Models */,
				F4B654D21CDEE1A300E3ED5E /* Controllers */,
				F4B654D41CDEE27100E3ED5E /* Utils */,
				F49B0B0C1CEACA2500A4796E /* Manager */,
				F4B654D11CDEE18C00E3ED5E /* Resources */,
			);
			path = "fatherbook-ios";
			sourceTree = "<group>";
		};
/* End PBXGroup section */

/* Begin PBXNativeTarget section */
		F4D242071CDE76F8000D45FA /* fatherbook-ios */ = {
			isa = PBXNativeTarget;
			buildConfigurationList = F4D2421A1CDE76F8000D45FA /* Build configuration list for PBXNativeTarget "fatherbook-ios" */;
			buildPhases = (
				2CAEDDF5CDC79C03C9E355E9 /* 📦 Check Pods Manifest.lock */,
				F4D242041CDE76F8000D45FA /* Sources */,
				F4D242051CDE76F8000D45FA /* Frameworks */,
				F4D242061CDE76F8000D45FA /* Resources */,
				91A3BC7DCF519587F62281BC /* 📦 Embed Pods Frameworks */,
				2C1A1BEEAFE158117650CBC2 /* 📦 Copy Pods Resources */,
			);
			buildRules = (
			);
			dependencies = (
			);
			name = "fatherbook-ios";
			productName = "fatherbook-ios";
			productReference = F4D242081CDE76F8000D45FA /* fatherbook-ios.app */;
			productType = "com.apple.product-type.application";
		};
/* End PBXNativeTarget section */

/* Begin PBXProject section */
		F4D242001CDE76F8000D45FA /* Project object */ = {
			isa = PBXProject;
			attributes = {
				LastSwiftUpdateCheck = 0730;
				LastUpgradeCheck = 0730;
				ORGANIZATIONNAME = MonzyZhang;
				TargetAttributes = {
					F4D242071CDE76F8000D45FA = {
						CreatedOnToolsVersion = 7.3.1;
						DevelopmentTeam = 74UX6D4SCA;
					};
				};
			};
			buildConfigurationList = F4D242031CDE76F8000D45FA /* Build configuration list for PBXProject "fatherbook-ios" */;
			compatibilityVersion = "Xcode 3.2";
			developmentRegion = English;
			hasScannedForEncodings = 0;
			knownRegions = (
				en,
				Base,
			);
			mainGroup = F4D241FF1CDE76F8000D45FA;
			productRefGroup = F4D242091CDE76F8000D45FA /* Products */;
			projectDirPath = "";
			projectRoot = "";
			targets = (
				F4D242071CDE76F8000D45FA /* fatherbook-ios */,
			);
		};
/* End PBXProject section */

/* Begin PBXResourcesBuildPhase section */
		F4D242061CDE76F8000D45FA /* Resources */ = {
			isa = PBXResourcesBuildPhase;
			buildActionMask = 2147483647;
			files = (
				F4D242161CDE76F8000D45FA /* LaunchScreen.storyboard in Resources */,
				F4D242131CDE76F8000D45FA /* Assets.xcassets in Resources */,
				F4B654E01CDF82BB00E3ED5E /* config.plist in Resources */,
			);
			runOnlyForDeploymentPostprocessing = 0;
		};
/* End PBXResourcesBuildPhase section */

/* Begin PBXShellScriptBuildPhase section */
		2C1A1BEEAFE158117650CBC2 /* 📦 Copy Pods Resources */ = {
			isa = PBXShellScriptBuildPhase;
			buildActionMask = 2147483647;
			files = (
			);
			inputPaths = (
			);
			name = "📦 Copy Pods Resources";
			outputPaths = (
			);
			runOnlyForDeploymentPostprocessing = 0;
			shellPath = /bin/sh;
			shellScript = "\"${SRCROOT}/Pods/Target Support Files/Pods-fatherbook-ios/Pods-fatherbook-ios-resources.sh\"\n";
			showEnvVarsInLog = 0;
		};
		2CAEDDF5CDC79C03C9E355E9 /* 📦 Check Pods Manifest.lock */ = {
			isa = PBXShellScriptBuildPhase;
			buildActionMask = 2147483647;
			files = (
			);
			inputPaths = (
			);
			name = "📦 Check Pods Manifest.lock";
			outputPaths = (
			);
			runOnlyForDeploymentPostprocessing = 0;
			shellPath = /bin/sh;
			shellScript = "diff \"${PODS_ROOT}/../Podfile.lock\" \"${PODS_ROOT}/Manifest.lock\" > /dev/null\nif [[ $? != 0 ]] ; then\n    cat << EOM\nerror: The sandbox is not in sync with the Podfile.lock. Run 'pod install' or update your CocoaPods installation.\nEOM\n    exit 1\nfi\n";
			showEnvVarsInLog = 0;
		};
		91A3BC7DCF519587F62281BC /* 📦 Embed Pods Frameworks */ = {
			isa = PBXShellScriptBuildPhase;
			buildActionMask = 2147483647;
			files = (
			);
			inputPaths = (
			);
			name = "📦 Embed Pods Frameworks";
			outputPaths = (
			);
			runOnlyForDeploymentPostprocessing = 0;
			shellPath = /bin/sh;
			shellScript = "\"${SRCROOT}/Pods/Target Support Files/Pods-fatherbook-ios/Pods-fatherbook-ios-frameworks.sh\"\n";
			showEnvVarsInLog = 0;
		};
/* End PBXShellScriptBuildPhase section */

/* Begin PBXSourcesBuildPhase section */
		F4D242041CDE76F8000D45FA /* Sources */ = {
			isa = PBXSourcesBuildPhase;
			buildActionMask = 2147483647;
			files = (
				F45F873E1CE9ED9200575F68 /* FBRCChatManager.swift in Sources */,
				F4B654DA1CDEE31400E3ED5E /* FBApi.swift in Sources */,
				F48350D41CE6EA4500203391 /* FBRecentChatListViewController.swift in Sources */,
				F44AB34D1CF2C69D00A1D5E6 /* JSON+AppendOperation.swift in Sources */,
				F4B654D61CDEE2DA00E3ED5E /* FBApiURL.swift in Sources */,
				F4E03B1C1CFC867F001235BB /* FBImageViewCell.swift in Sources */,
				F410B5EC1CE07487008D9D01 /* MBProgressHUD_Extensions.swift in Sources */,
				F42B2B2C1CE8E51100EEFB64 /* String_Extension.swift in Sources */,
				F42B2B2A1CE8DB8B00EEFB64 /* FBScrollPageViewController.swift in Sources */,
				F45EB4041CEDFE0B00D9777F /* FBLeftIconTitleTableViewCell.swift in Sources */,
				F4C3808D1CE9BD9A00E4EA5F /* FBAlbumPreviewTableViewCell.swift in Sources */,
				F45EB4021CEDFBDA00D9777F /* FBChatViewController.swift in Sources */,
				F410B5E81CE05F8C008D9D01 /* FBViewGenerator.swift in Sources */,
				F4A10D801CE23D3A00DEC337 /* FBPageHeaderView.swift in Sources */,
				F45F873C1CE9EC6300575F68 /* UIWindow+mainWindow.swift in Sources */,
				F4890DC01CF986A60029CEF8 /* FBTimelineCell.swift in Sources */,
				F478BFEC1CE371F700F8F4DE /* FBMeViewController.swift in Sources */,
				F4903E1D1CE5F71400DD9AB5 /* FXBlurView_Extension.swift in Sources */,
				F4AA20001CE41E8100A2A4F7 /* FBUserTableViewCell.swift in Sources */,
				F4AA200A1CE4B7C600A2A4F7 /* FBTheme.swift in Sources */,
				F4D2420C1CDE76F8000D45FA /* FBAppDelegate.swift in Sources */,
				F4AA1FFE1CE4167400A2A4F7 /* FBUserManager.swift in Sources */,
				F476E5561CE98E2C008B53D5 /* FBUserInfoViewController.swift in Sources */,
				F45F87361CE9D5AF00575F68 /* FBButtonTableViewCell.swift in Sources */,
				F45F87381CE9D78600575F68 /* Array_FBOperation.swift in Sources */,
				F47909211CF9B19200BB9EB7 /* FBTimeline.swift in Sources */,
				F478BFEA1CE371BE00F8F4DE /* FBContactViewController.swift in Sources */,
				F4B654D81CDEE2F300E3ED5E /* FBConsts.swift in Sources */,
				F410B5EF1CE0875F008D9D01 /* FBUserInfo.swift in Sources */,
				F4796C8A1CED639400A7BE78 /* FBPersist.swift in Sources */,
				F4C8B9B21CF210E100A7FBA9 /* FBTextTimelineView.swift in Sources */,
				F4B654DC1CDEF0C600E3ED5E /* FBLoginViewController.swift in Sources */,
				F478BFE81CE3718C00F8F4DE /* FBTimelineViewController.swift in Sources */,
				F479091F1CF9A7DC00BB9EB7 /* FBTimelineView.swift in Sources */,
				F42B2B261CE8D56800EEFB64 /* FBRootViewController.swift in Sources */,
			);
			runOnlyForDeploymentPostprocessing = 0;
		};
/* End PBXSourcesBuildPhase section */

/* Begin PBXVariantGroup section */
		F4D242141CDE76F8000D45FA /* LaunchScreen.storyboard */ = {
			isa = PBXVariantGroup;
			children = (
				F4D242151CDE76F8000D45FA /* Base */,
			);
			name = LaunchScreen.storyboard;
			sourceTree = "<group>";
		};
/* End PBXVariantGroup section */

/* Begin XCBuildConfiguration section */
		F4D242181CDE76F8000D45FA /* Debug */ = {
			isa = XCBuildConfiguration;
			buildSettings = {
				ALWAYS_SEARCH_USER_PATHS = NO;
				CLANG_ANALYZER_NONNULL = YES;
				CLANG_CXX_LANGUAGE_STANDARD = "gnu++0x";
				CLANG_CXX_LIBRARY = "libc++";
				CLANG_ENABLE_MODULES = YES;
				CLANG_ENABLE_OBJC_ARC = YES;
				CLANG_WARN_BOOL_CONVERSION = YES;
				CLANG_WARN_CONSTANT_CONVERSION = YES;
				CLANG_WARN_DIRECT_OBJC_ISA_USAGE = YES_ERROR;
				CLANG_WARN_EMPTY_BODY = YES;
				CLANG_WARN_ENUM_CONVERSION = YES;
				CLANG_WARN_INT_CONVERSION = YES;
				CLANG_WARN_OBJC_ROOT_CLASS = YES_ERROR;
				CLANG_WARN_UNREACHABLE_CODE = YES;
				CLANG_WARN__DUPLICATE_METHOD_MATCH = YES;
				"CODE_SIGN_IDENTITY[sdk=iphoneos*]" = "iPhone Developer";
				COPY_PHASE_STRIP = NO;
				DEBUG_INFORMATION_FORMAT = dwarf;
				ENABLE_STRICT_OBJC_MSGSEND = YES;
				ENABLE_TESTABILITY = YES;
				GCC_C_LANGUAGE_STANDARD = gnu99;
				GCC_DYNAMIC_NO_PIC = NO;
				GCC_NO_COMMON_BLOCKS = YES;
				GCC_OPTIMIZATION_LEVEL = 0;
				GCC_PREPROCESSOR_DEFINITIONS = (
					"DEBUG=1",
					"$(inherited)",
				);
				GCC_WARN_64_TO_32_BIT_CONVERSION = YES;
				GCC_WARN_ABOUT_RETURN_TYPE = YES_ERROR;
				GCC_WARN_UNDECLARED_SELECTOR = YES;
				GCC_WARN_UNINITIALIZED_AUTOS = YES_AGGRESSIVE;
				GCC_WARN_UNUSED_FUNCTION = YES;
				GCC_WARN_UNUSED_VARIABLE = YES;
				IPHONEOS_DEPLOYMENT_TARGET = 9.3;
				MTL_ENABLE_DEBUG_INFO = YES;
				ONLY_ACTIVE_ARCH = YES;
				SDKROOT = iphoneos;
				SWIFT_OPTIMIZATION_LEVEL = "-Onone";
			};
			name = Debug;
		};
		F4D242191CDE76F8000D45FA /* Release */ = {
			isa = XCBuildConfiguration;
			buildSettings = {
				ALWAYS_SEARCH_USER_PATHS = NO;
				CLANG_ANALYZER_NONNULL = YES;
				CLANG_CXX_LANGUAGE_STANDARD = "gnu++0x";
				CLANG_CXX_LIBRARY = "libc++";
				CLANG_ENABLE_MODULES = YES;
				CLANG_ENABLE_OBJC_ARC = YES;
				CLANG_WARN_BOOL_CONVERSION = YES;
				CLANG_WARN_CONSTANT_CONVERSION = YES;
				CLANG_WARN_DIRECT_OBJC_ISA_USAGE = YES_ERROR;
				CLANG_WARN_EMPTY_BODY = YES;
				CLANG_WARN_ENUM_CONVERSION = YES;
				CLANG_WARN_INT_CONVERSION = YES;
				CLANG_WARN_OBJC_ROOT_CLASS = YES_ERROR;
				CLANG_WARN_UNREACHABLE_CODE = YES;
				CLANG_WARN__DUPLICATE_METHOD_MATCH = YES;
				"CODE_SIGN_IDENTITY[sdk=iphoneos*]" = "iPhone Developer";
				COPY_PHASE_STRIP = NO;
				DEBUG_INFORMATION_FORMAT = "dwarf-with-dsym";
				ENABLE_NS_ASSERTIONS = NO;
				ENABLE_STRICT_OBJC_MSGSEND = YES;
				GCC_C_LANGUAGE_STANDARD = gnu99;
				GCC_NO_COMMON_BLOCKS = YES;
				GCC_WARN_64_TO_32_BIT_CONVERSION = YES;
				GCC_WARN_ABOUT_RETURN_TYPE = YES_ERROR;
				GCC_WARN_UNDECLARED_SELECTOR = YES;
				GCC_WARN_UNINITIALIZED_AUTOS = YES_AGGRESSIVE;
				GCC_WARN_UNUSED_FUNCTION = YES;
				GCC_WARN_UNUSED_VARIABLE = YES;
				IPHONEOS_DEPLOYMENT_TARGET = 9.3;
				MTL_ENABLE_DEBUG_INFO = NO;
				SDKROOT = iphoneos;
				VALIDATE_PRODUCT = YES;
			};
			name = Release;
		};
		F4D2421B1CDE76F8000D45FA /* Debug */ = {
			isa = XCBuildConfiguration;
			baseConfigurationReference = 042E2CD82ACBE5524A5A3225 /* Pods-fatherbook-ios.debug.xcconfig */;
			buildSettings = {
				ASSETCATALOG_COMPILER_APPICON_NAME = AppIcon;
				CODE_SIGN_IDENTITY = "iPhone Developer";
				"CODE_SIGN_IDENTITY[sdk=iphoneos*]" = "iPhone Developer";
				INFOPLIST_FILE = "fatherbook-ios/Info.plist";
				IPHONEOS_DEPLOYMENT_TARGET = 9.3;
				LD_RUNPATH_SEARCH_PATHS = "$(inherited) @executable_path/Frameworks";
				PRODUCT_BUNDLE_IDENTIFIER = "com.Monzy.Zhang.fatherbook-ios";
				PRODUCT_NAME = "$(TARGET_NAME)";
				PROVISIONING_PROFILE = "";
				SWIFT_OBJC_BRIDGING_HEADER = "/Users/Monzy/Desktop/soafinal/fatherbook-ios/fatherbook-ios/fatherbook-ios-Bridging-Header.h";
			};
			name = Debug;
		};
		F4D2421C1CDE76F8000D45FA /* Release */ = {
			isa = XCBuildConfiguration;
			baseConfigurationReference = 546083CB493955E39C313A46 /* Pods-fatherbook-ios.release.xcconfig */;
			buildSettings = {
				ASSETCATALOG_COMPILER_APPICON_NAME = AppIcon;
				CODE_SIGN_IDENTITY = "iPhone Developer";
				"CODE_SIGN_IDENTITY[sdk=iphoneos*]" = "iPhone Developer";
				INFOPLIST_FILE = "fatherbook-ios/Info.plist";
				IPHONEOS_DEPLOYMENT_TARGET = 9.3;
				LD_RUNPATH_SEARCH_PATHS = "$(inherited) @executable_path/Frameworks";
				PRODUCT_BUNDLE_IDENTIFIER = "com.Monzy.Zhang.fatherbook-ios";
				PRODUCT_NAME = "$(TARGET_NAME)";
				PROVISIONING_PROFILE = "";
				SWIFT_OBJC_BRIDGING_HEADER = "/Users/Monzy/Desktop/soafinal/fatherbook-ios/fatherbook-ios/fatherbook-ios-Bridging-Header.h";
			};
			name = Release;
		};
/* End XCBuildConfiguration section */

/* Begin XCConfigurationList section */
		F4D242031CDE76F8000D45FA /* Build configuration list for PBXProject "fatherbook-ios" */ = {
			isa = XCConfigurationList;
			buildConfigurations = (
				F4D242181CDE76F8000D45FA /* Debug */,
				F4D242191CDE76F8000D45FA /* Release */,
			);
			defaultConfigurationIsVisible = 0;
			defaultConfigurationName = Release;
		};
		F4D2421A1CDE76F8000D45FA /* Build configuration list for PBXNativeTarget "fatherbook-ios" */ = {
			isa = XCConfigurationList;
			buildConfigurations = (
				F4D2421B1CDE76F8000D45FA /* Debug */,
				F4D2421C1CDE76F8000D45FA /* Release */,
			);
			defaultConfigurationIsVisible = 0;
			defaultConfigurationName = Release;
		};
/* End XCConfigurationList section */
	};
	rootObject = F4D242001CDE76F8000D45FA /* Project object */;
}
